// !$*UTF8*$!
{
	archiveVersion = 1;
	classes = {
	};
	objectVersion = 46;
	objects = {

/* Begin PBXBuildFile section */
		B59178981CD57F0B00DB2F26 /* AppDelegate.swift in Sources */ = {isa = PBXBuildFile; fileRef = B59178971CD57F0B00DB2F26 /* AppDelegate.swift */; };
		B591789A1CD57F0B00DB2F26 /* ViewController.swift in Sources */ = {isa = PBXBuildFile; fileRef = B59178991CD57F0B00DB2F26 /* ViewController.swift */; };
		B591789D1CD57F0B00DB2F26 /* Main.storyboard in Resources */ = {isa = PBXBuildFile; fileRef = B591789B1CD57F0B00DB2F26 /* Main.storyboard */; };
		B591789F1CD57F0B00DB2F26 /* Assets.xcassets in Resources */ = {isa = PBXBuildFile; fileRef = B591789E1CD57F0B00DB2F26 /* Assets.xcassets */; };
		B59178A21CD57F0B00DB2F26 /* LaunchScreen.storyboard in Resources */ = {isa = PBXBuildFile; fileRef = B59178A01CD57F0B00DB2F26 /* LaunchScreen.storyboard */; };
		B59178AA1CD5804500DB2F26 /* FoodTableViewController.swift in Sources */ = {isa = PBXBuildFile; fileRef = B59178A91CD5804500DB2F26 /* FoodTableViewController.swift */; };
		B59178AC1CD5813500DB2F26 /* FoodOffer.swift in Sources */ = {isa = PBXBuildFile; fileRef = B59178AB1CD5813500DB2F26 /* FoodOffer.swift */; };
		B59178AE1CD5838400DB2F26 /* FoodOfferTableViewCell.swift in Sources */ = {isa = PBXBuildFile; fileRef = B59178AD1CD5838400DB2F26 /* FoodOfferTableViewCell.swift */; };
/* End PBXBuildFile section */

/* Begin PBXFileReference section */
		B59178941CD57F0B00DB2F26 /* testEating.app */ = {isa = PBXFileReference; explicitFileType = wrapper.application; includeInIndex = 0; path = testEating.app; sourceTree = BUILT_PRODUCTS_DIR; };
		B59178971CD57F0B00DB2F26 /* AppDelegate.swift */ = {isa = PBXFileReference; lastKnownFileType = sourcecode.swift; path = AppDelegate.swift; sourceTree = "<group>"; };
		B59178991CD57F0B00DB2F26 /* ViewController.swift */ = {isa = PBXFileReference; lastKnownFileType = sourcecode.swift; path = ViewController.swift; sourceTree = "<group>"; };
		B591789C1CD57F0B00DB2F26 /* Base */ = {isa = PBXFileReference; lastKnownFileType = file.storyboard; name = Base; path = Base.lproj/Main.storyboard; sourceTree = "<group>"; };
		B591789E1CD57F0B00DB2F26 /* Assets.xcassets */ = {isa = PBXFileReference; lastKnownFileType = folder.assetcatalog; path = Assets.xcassets; sourceTree = "<group>"; };
		B59178A11CD57F0B00DB2F26 /* Base */ = {isa = PBXFileReference; lastKnownFileType = file.storyboard; name = Base; path = Base.lproj/LaunchScreen.storyboard; sourceTree = "<group>"; };
		B59178A31CD57F0B00DB2F26 /* Info.plist */ = {isa = PBXFileReference; lastKnownFileType = text.plist.xml; path = Info.plist; sourceTree = "<group>"; };
		B59178A91CD5804500DB2F26 /* FoodTableViewController.swift */ = {isa = PBXFileReference; fileEncoding = 4; lastKnownFileType = sourcecode.swift; path = FoodTableViewController.swift; sourceTree = "<group>"; };
		B59178AB1CD5813500DB2F26 /* FoodOffer.swift */ = {isa = PBXFileReference; fileEncoding = 4; lastKnownFileType = sourcecode.swift; path = FoodOffer.swift; sourceTree = "<group>"; };
		B59178AD1CD5838400DB2F26 /* FoodOfferTableViewCell.swift */ = {isa = PBXFileReference; fileEncoding = 4; lastKnownFileType = sourcecode.swift; path = FoodOfferTableViewCell.swift; sourceTree = "<group>"; };
/* End PBXFileReference section */

/* Begin PBXFrameworksBuildPhase section */
		B59178911CD57F0B00DB2F26 /* Frameworks */ = {
			isa = PBXFrameworksBuildPhase;
			buildActionMask = 2147483647;
			files = (
			);
			runOnlyForDeploymentPostprocessing = 0;
		};
/* End PBXFrameworksBuildPhase section */

/* Begin PBXGroup section */
		B591788B1CD57F0B00DB2F26 = {
			isa = PBXGroup;
			children = (
				B59178961CD57F0B00DB2F26 /* testEating */,
				B59178951CD57F0B00DB2F26 /* Products */,
			);
			sourceTree = "<group>";
		};
		B59178951CD57F0B00DB2F26 /* Products */ = {
			isa = PBXGroup;
			children = (
				B59178941CD57F0B00DB2F26 /* testEating.app */,
			);
			name = Products;
			sourceTree = "<group>";
		};
		B59178961CD57F0B00DB2F26 /* testEating */ = {
			isa = PBXGroup;
			children = (
				B59178971CD57F0B00DB2F26 /* AppDelegate.swift */,
				B59178991CD57F0B00DB2F26 /* ViewController.swift */,
				B591789B1CD57F0B00DB2F26 /* Main.storyboard */,
				B59178AD1CD5838400DB2F26 /* FoodOfferTableViewCell.swift */,
				B59178A91CD5804500DB2F26 /* FoodTableViewController.swift */,
				B59178AB1CD5813500DB2F26 /* FoodOffer.swift */,
				B591789E1CD57F0B00DB2F26 /* Assets.xcassets */,
				B59178A01CD57F0B00DB2F26 /* LaunchScreen.storyboard */,
				B59178A31CD57F0B00DB2F26 /* Info.plist */,
			);
			path = testEating;
			sourceTree = "<group>";
		};
/* End PBXGroup section */

/* Begin PBXNativeTarget section */
		B59178931CD57F0B00DB2F26 /* testEating */ = {
			isa = PBXNativeTarget;
			buildConfigurationList = B59178A61CD57F0B00DB2F26 /* Build configuration list for PBXNativeTarget "testEating" */;
			buildPhases = (
				B59178901CD57F0B00DB2F26 /* Sources */,
				B59178911CD57F0B00DB2F26 /* Frameworks */,
				B59178921CD57F0B00DB2F26 /* Resources */,
			);
			buildRules = (
			);
			dependencies = (
			);
			name = testEating;
			productName = testEating;
			productReference = B59178941CD57F0B00DB2F26 /* testEating.app */;
			productType = "com.apple.product-type.application";
		};
/* End PBXNativeTarget section */

/* Begin PBXProject section */
		B591788C1CD57F0B00DB2F26 /* Project object */ = {
			isa = PBXProject;
			attributes = {
				LastSwiftUpdateCheck = 0730;
				LastUpgradeCheck = 0730;
				ORGANIZATIONNAME = "PENG XU";
				TargetAttributes = {
					B59178931CD57F0B00DB2F26 = {
						CreatedOnToolsVersion = 7.3;
					};
				};
			};
			buildConfigurationList = B591788F1CD57F0B00DB2F26 /* Build configuration list for PBXProject "testEating" */;
			compatibilityVersion = "Xcode 3.2";
			developmentRegion = English;
			hasScannedForEncodings = 0;
			knownRegions = (
				en,
				Base,
			);
			mainGroup = B591788B1CD57F0B00DB2F26;
			productRefGroup = B59178951CD57F0B00DB2F26 /* Products */;
			projectDirPath = "";
			projectRoot = "";
			targets = (
				B59178931CD57F0B00DB2F26 /* testEating */,
			);
		};
/* End PBXProject section */

/* Begin PBXResourcesBuildPhase section */
		B59178921CD57F0B00DB2F26 /* Resources */ = {
			isa = PBXResourcesBuildPhase;
			buildActionMask = 2147483647;
			files = (
				B59178A21CD57F0B00DB2F26 /* LaunchScreen.storyboard in Resources */,
				B591789F1CD57F0B00DB2F26 /* Assets.xcassets in Resources */,
				B591789D1CD57F0B00DB2F26 /* Main.storyboard in Resources */,
			);
			runOnlyForDeploymentPostprocessing = 0;
		};
/* End PBXResourcesBuildPhase section */

/* Begin PBXSourcesBuildPhase section */
		B59178901CD57F0B00DB2F26 /* Sources */ = {
			isa = PBXSourcesBuildPhase;
			buildActionMask = 2147483647;
			files = (
				B59178AC1CD5813500DB2F26 /* FoodOffer.swift in Sources */,
				B59178AE1CD5838400DB2F26 /* FoodOfferTableViewCell.swift in Sources */,
				B591789A1CD57F0B00DB2F26 /* ViewController.swift in Sources */,
				B59178AA1CD5804500DB2F26 /* FoodTableViewController.swift in Sources */,
				B59178981CD57F0B00DB2F26 /* AppDelegate.swift in Sources */,
			);
			runOnlyForDeploymentPostprocessing = 0;
		};
/* End PBXSourcesBuildPhase section */

/* Begin PBXVariantGroup section */
		B591789B1CD57F0B00DB2F26 /* Main.storyboard */ = {
			isa = PBXVariantGroup;
			children = (
				B591789C1CD57F0B00DB2F26 /* Base */,
			);
			name = Main.storyboard;
			sourceTree = "<group>";
		};
		B59178A01CD57F0B00DB2F26 /* LaunchScreen.storyboard */ = {
			isa = PBXVariantGroup;
			children = (
				B59178A11CD57F0B00DB2F26 /* Base */,
			);
			name = LaunchScreen.storyboard;
			sourceTree = "<group>";
		};
/* End PBXVariantGroup section */

/* Begin XCBuildConfiguration section */
		B59178A41CD57F0B00DB2F26 /* Debug */ = {
			isa = XCBuildConfiguration;
			buildSettings = {
				ALWAYS_SEARCH_USER_PATHS = NO;
				CLANG_ANALYZER_NONNULL = YES;
				CLANG_CXX_LANGUAGE_STANDARD = "gnu++0x";
				CLANG_CXX_LIBRARY = "libc++";
				CLANG_ENABLE_MODULES = YES;
				CLANG_ENABLE_OBJC_ARC = YES;
				CLANG_WARN_BOOL_CONVERSION = YES;
				CLANG_WARN_CONSTANT_CONVERSION = YES;
				CLANG_WARN_DIRECT_OBJC_ISA_USAGE = YES_ERROR;
				CLANG_WARN_EMPTY_BODY = YES;
				CLANG_WARN_ENUM_CONVERSION = YES;
				CLANG_WARN_INT_CONVERSION = YES;
				CLANG_WARN_OBJC_ROOT_CLASS = YES_ERROR;
				CLANG_WARN_UNREACHABLE_CODE = YES;
				CLANG_WARN__DUPLICATE_METHOD_MATCH = YES;
				"CODE_SIGN_IDENTITY[sdk=iphoneos*]" = "iPhone Developer";
				COPY_PHASE_STRIP = NO;
				DEBUG_INFORMATION_FORMAT = dwarf;
				ENABLE_STRICT_OBJC_MSGSEND = YES;
				ENABLE_TESTABILITY = YES;
				GCC_C_LANGUAGE_STANDARD = gnu99;
				GCC_DYNAMIC_NO_PIC = NO;
				GCC_NO_COMMON_BLOCKS = YES;
				GCC_OPTIMIZATION_LEVEL = 0;
				GCC_PREPROCESSOR_DEFINITIONS = (
					"DEBUG=1",
					"$(inherited)",
				);
				GCC_WARN_64_TO_32_BIT_CONVERSION = YES;
				GCC_WARN_ABOUT_RETURN_TYPE = YES_ERROR;
				GCC_WARN_UNDECLARED_SELECTOR = YES;
				GCC_WARN_UNINITIALIZED_AUTOS = YES_AGGRESSIVE;
				GCC_WARN_UNUSED_FUNCTION = YES;
				GCC_WARN_UNUSED_VARIABLE = YES;
				IPHONEOS_DEPLOYMENT_TARGET = 9.3;
				MTL_ENABLE_DEBUG_INFO = YES;
				ONLY_ACTIVE_ARCH = YES;
				SDKROOT = iphoneos;
				SWIFT_OPTIMIZATION_LEVEL = "-Onone";
			};
			name = Debug;
		};
		B59178A51CD57F0B00DB2F26 /* Release */ = {
			isa = XCBuildConfiguration;
			buildSettings = {
				ALWAYS_SEARCH_USER_PATHS = NO;
				CLANG_ANALYZER_NONNULL = YES;
				CLANG_CXX_LANGUAGE_STANDARD = "gnu++0x";
				CLANG_CXX_LIBRARY = "libc++";
				CLANG_ENABLE_MODULES = YES;
				CLANG_ENABLE_OBJC_ARC = YES;
				CLANG_WARN_BOOL_CONVERSION = YES;
				CLANG_WARN_CONSTANT_CONVERSION = YES;
				CLANG_WARN_DIRECT_OBJC_ISA_USAGE = YES_ERROR;
				CLANG_WARN_EMPTY_BODY = YES;
				CLANG_WARN_ENUM_CONVERSION = YES;
				CLANG_WARN_INT_CONVERSION = YES;
				CLANG_WARN_OBJC_ROOT_CLASS = YES_ERROR;
				CLANG_WARN_UNREACHABLE_CODE = YES;
				CLANG_WARN__DUPLICATE_METHOD_MATCH = YES;
				"CODE_SIGN_IDENTITY[sdk=iphoneos*]" = "iPhone Developer";
				COPY_PHASE_STRIP = NO;
				DEBUG_INFORMATION_FORMAT = "dwarf-with-dsym";
				ENABLE_NS_ASSERTIONS = NO;
				ENABLE_STRICT_OBJC_MSGSEND = YES;
				GCC_C_LANGUAGE_STANDARD = gnu99;
				GCC_NO_COMMON_BLOCKS = YES;
				GCC_WARN_64_TO_32_BIT_CONVERSION = YES;
				GCC_WARN_ABOUT_RETURN_TYPE = YES_ERROR;
				GCC_WARN_UNDECLARED_SELECTOR = YES;
				GCC_WARN_UNINITIALIZED_AUTOS = YES_AGGRESSIVE;
				GCC_WARN_UNUSED_FUNCTION = YES;
				GCC_WARN_UNUSED_VARIABLE = YES;
				IPHONEOS_DEPLOYMENT_TARGET = 9.3;
				MTL_ENABLE_DEBUG_INFO = NO;
				SDKROOT = iphoneos;
				VALIDATE_PRODUCT = YES;
			};
			name = Release;
		};
		B59178A71CD57F0B00DB2F26 /* Debug */ = {
			isa = XCBuildConfiguration;
			buildSettings = {
				ASSETCATALOG_COMPILER_APPICON_NAME = AppIcon;
				INFOPLIST_FILE = testEating/Info.plist;
				LD_RUNPATH_SEARCH_PATHS = "$(inherited) @executable_path/Frameworks";
				PRODUCT_BUNDLE_IDENTIFIER = Umich.testEating;
				PRODUCT_NAME = "$(TARGET_NAME)";
			};
			name = Debug;
		};
		B59178A81CD57F0B00DB2F26 /* Release */ = {
			isa = XCBuildConfiguration;
			buildSettings = {
				ASSETCATALOG_COMPILER_APPICON_NAME = AppIcon;
				INFOPLIST_FILE = testEating/Info.plist;
				LD_RUNPATH_SEARCH_PATHS = "$(inherited) @executable_path/Frameworks";
				PRODUCT_BUNDLE_IDENTIFIER = Umich.testEating;
				PRODUCT_NAME = "$(TARGET_NAME)";
			};
			name = Release;
		};
/* End XCBuildConfiguration section */

/* Begin XCConfigurationList section */
		B591788F1CD57F0B00DB2F26 /* Build configuration list for PBXProject "testEating" */ = {
			isa = XCConfigurationList;
			buildConfigurations = (
				B59178A41CD57F0B00DB2F26 /* Debug */,
				B59178A51CD57F0B00DB2F26 /* Release */,
			);
			defaultConfigurationIsVisible = 0;
			defaultConfigurationName = Release;
		};
		B59178A61CD57F0B00DB2F26 /* Build configuration list for PBXNativeTarget "testEating" */ = {
			isa = XCConfigurationList;
			buildConfigurations = (
				B59178A71CD57F0B00DB2F26 /* Debug */,
				B59178A81CD57F0B00DB2F26 /* Release */,
			);
			defaultConfigurationIsVisible = 0;
		};
/* End XCConfigurationList section */
	};
	rootObject = B591788C1CD57F0B00DB2F26 /* Project object */;
}
